lockfileVersion: '9.0'

settings:
  autoInstallPeers: true
  excludeLinksFromLockfile: false

importers:

  .:
    dependencies:
      '@huggingface/inference':
        specifier: ^4.13.10
        version: 4.13.10

packages:

  '@huggingface/inference@4.13.10':
    resolution: {integrity: sha512-aXVSXGNZqMnLxR4hbsxu2cgoY83EYUIc8bqC+5I5iRLqMlQb2E1g5Q+oIkZQQPLO7xfSSrjz2piZOVYF6Ia+og==}
    engines: {node: '>=18'}

  '@huggingface/jinja@0.5.3':
    resolution: {integrity: sha512-asqfZ4GQS0hD876Uw4qiUb7Tr/V5Q+JZuo2L+BtdrD4U40QU58nIRq3ZSgAzJgT874VLjhGVacaYfrdpXtEvtA==}
    engines: {node: '>=18'}

  '@huggingface/tasks@0.19.78':
    resolution: {integrity: sha512-M/bBx72EcP22yVsPv31o0yMewVsCWl28Q/MJQMpbkxhbnSywX6jyPuftVSP4uuf0sw5kJe2DE/c+Q9/61+BYjg==}

snapshots:

  '@huggingface/inference@4.13.10':
    dependencies:
      '@huggingface/jinja': 0.5.3
      '@huggingface/tasks': 0.19.78

  '@huggingface/jinja@0.5.3': {}

  '@huggingface/tasks@0.19.78': {}
